
Microsoft Visual Studio Solution File, Format Version 12.00
# Visual Studio Version 17
VisualStudioVersion = 17.11.35327.3
MinimumVisualStudioVersion = 10.0.40219.1
Project("{FAE04EC0-301F-11D3-BF4B-00C04F79EFBC}") = "QuanLySinhVien", "QuanLySinhVien\QuanLySinhVien.csproj", "{391E924A-AA1C-4547-B6B6-60F582515DCB}"
EndProject
Global
	GlobalSection(SolutionConfigurationPlatforms) = preSolution
		Debug|Any CPU = Debug|Any CPU
		Release|Any CPU = Release|Any CPU
	EndGlobalSection
	GlobalSection(ProjectConfigurationPlatforms) = postSolution
		{391E924A-AA1C-4547-B6B6-60F582515DCB}.Debug|Any CPU.ActiveCfg = Debug|Any CPU
		{391E924A-AA1C-4547-B6B6-60F582515DCB}.Debug|Any CPU.Build.0 = Debug|Any CPU
		{391E924A-AA1C-4547-B6B6-60F582515DCB}.Release|Any CPU.ActiveCfg = Release|Any CPU
		{391E924A-AA1C-4547-B6B6-60F582515DCB}.Release|Any CPU.Build.0 = Release|Any CPU
	EndGlobalSection
	GlobalSection(SolutionProperties) = preSolution
		HideSolutionNode = FALSE
	EndGlobalSection
	GlobalSection(ExtensibilityGlobals) = postSolution
		SolutionGuid = {408285DE-2CC8-4B42-884A-7E35EA151C8D}
	EndGlobalSection
EndGlobal
