
Microsoft Visual Studio Solution File, Format Version 12.00
# Visual Studio Version 17
VisualStudioVersion = 17.11.35327.3
MinimumVisualStudioVersion = 10.0.40219.1
Project("{FAE04EC0-301F-11D3-BF4B-00C04F79EFBC}") = "QLYSV", "QLYSV\QLYSV.csproj", "{42236C0B-8AA4-4479-A573-286D2B0349EB}"
EndProject
Global
	GlobalSection(SolutionConfigurationPlatforms) = preSolution
		Debug|Any CPU = Debug|Any CPU
		Release|Any CPU = Release|Any CPU
	EndGlobalSection
	GlobalSection(ProjectConfigurationPlatforms) = postSolution
		{42236C0B-8AA4-4479-A573-286D2B0349EB}.Debug|Any CPU.ActiveCfg = Debug|Any CPU
		{42236C0B-8AA4-4479-A573-286D2B0349EB}.Debug|Any CPU.Build.0 = Debug|Any CPU
		{42236C0B-8AA4-4479-A573-286D2B0349EB}.Release|Any CPU.ActiveCfg = Release|Any CPU
		{42236C0B-8AA4-4479-A573-286D2B0349EB}.Release|Any CPU.Build.0 = Release|Any CPU
	EndGlobalSection
	GlobalSection(SolutionProperties) = preSolution
		HideSolutionNode = FALSE
	EndGlobalSection
	GlobalSection(ExtensibilityGlobals) = postSolution
		SolutionGuid = {2853DD22-A257-4B47-8856-FF486455B358}
	EndGlobalSection
EndGlobal
